
Microsoft Visual Studio Solution File, Format Version 12.00
# Visual Studio 14
VisualStudioVersion = 14.0.25420.1
MinimumVisualStudioVersion = 10.0.40219.1
Project("{FAE04EC0-301F-11D3-BF4B-00C04F79EFBC}") = "Bro2Bro.Mobile.Droid", "Bro2Bro.Mobile\Bro2Bro.Mobile.Droid\Bro2Bro.Mobile.Droid.csproj", "{981A4C73-5725-4531-BE9E-5BEAAE16AD3F}"
EndProject
Project("{FAE04EC0-301F-11D3-BF4B-00C04F79EFBC}") = "Bro2Bro.Mobile.iOS", "Bro2Bro.Mobile\Bro2Bro.Mobile.iOS\Bro2Bro.Mobile.iOS.csproj", "{04C69FDD-255B-4E2E-A4EC-B1E023AB5E5A}"
EndProject
Project("{D954291E-2A0B-460D-934E-DC6B0785DB48}") = "Bro2Bro.Mobile", "Bro2Bro.Mobile\Bro2Bro.Mobile\Bro2Bro.Mobile.shproj", "{E5E5C4E0-9BA1-4EE4-B2E1-84A6CAE70A87}"
EndProject
Project("{FAE04EC0-301F-11D3-BF4B-00C04F79EFBC}") = "Bro2Bro.WebAPI", "Bro2Bro.WebAPI\Bro2Bro.WebAPI.csproj", "{9995072C-7642-4B52-B33F-BDDB64465A24}"
EndProject
Project("{FAE04EC0-301F-11D3-BF4B-00C04F79EFBC}") = "Bro2Bro.PCL", "Bro2Bro.PCL\Bro2Bro.PCL.csproj", "{FC219D4F-7B61-4234-8E5F-4D789390288E}"
EndProject
Project("{FAE04EC0-301F-11D3-BF4B-00C04F79EFBC}") = "Bro2Bro.WebAPI.DataLayer", "Bro2Bro.WebAPI.DataLayer\Bro2Bro.WebAPI.DataLayer.csproj", "{5714E30A-47BC-4006-B37A-A505A36F85FE}"
EndProject
Project("{FAE04EC0-301F-11D3-BF4B-00C04F79EFBC}") = "Bro2Bro.WebAPI.BusinessLayer", "Bro2Bro.WebAPI.BusinessLayer\Bro2Bro.WebAPI.BusinessLayer.csproj", "{5A9E3C9E-8511-4218-A99D-951275B8AEC3}"
EndProject
Global
	GlobalSection(SharedMSBuildProjectFiles) = preSolution
		Bro2Bro.Mobile\Bro2Bro.Mobile\Bro2Bro.Mobile.projitems*{04c69fdd-255b-4e2e-a4ec-b1e023ab5e5a}*SharedItemsImports = 4
		Bro2Bro.Mobile\Bro2Bro.Mobile\Bro2Bro.Mobile.projitems*{981a4c73-5725-4531-be9e-5beaae16ad3f}*SharedItemsImports = 4
		Bro2Bro.Mobile\Bro2Bro.Mobile\Bro2Bro.Mobile.projitems*{e5e5c4e0-9ba1-4ee4-b2e1-84a6cae70a87}*SharedItemsImports = 13
	EndGlobalSection
	GlobalSection(SolutionConfigurationPlatforms) = preSolution
		Ad-Hoc|Any CPU = Ad-Hoc|Any CPU
		Ad-Hoc|ARM = Ad-Hoc|ARM
		Ad-Hoc|iPhone = Ad-Hoc|iPhone
		Ad-Hoc|iPhoneSimulator = Ad-Hoc|iPhoneSimulator
		Ad-Hoc|x64 = Ad-Hoc|x64
		Ad-Hoc|x86 = Ad-Hoc|x86
		AppStore|Any CPU = AppStore|Any CPU
		AppStore|ARM = AppStore|ARM
		AppStore|iPhone = AppStore|iPhone
		AppStore|iPhoneSimulator = AppStore|iPhoneSimulator
		AppStore|x64 = AppStore|x64
		AppStore|x86 = AppStore|x86
		Debug|Any CPU = Debug|Any CPU
		Debug|ARM = Debug|ARM
		Debug|iPhone = Debug|iPhone
		Debug|iPhoneSimulator = Debug|iPhoneSimulator
		Debug|x64 = Debug|x64
		Debug|x86 = Debug|x86
		Release|Any CPU = Release|Any CPU
		Release|ARM = Release|ARM
		Release|iPhone = Release|iPhone
		Release|iPhoneSimulator = Release|iPhoneSimulator
		Release|x64 = Release|x64
		Release|x86 = Release|x86
	EndGlobalSection
	GlobalSection(ProjectConfigurationPlatforms) = postSolution
		{981A4C73-5725-4531-BE9E-5BEAAE16AD3F}.Ad-Hoc|Any CPU.ActiveCfg = Release|Any CPU
		{981A4C73-5725-4531-BE9E-5BEAAE16AD3F}.Ad-Hoc|Any CPU.Build.0 = Release|Any CPU
		{981A4C73-5725-4531-BE9E-5BEAAE16AD3F}.Ad-Hoc|Any CPU.Deploy.0 = Release|Any CPU
		{981A4C73-5725-4531-BE9E-5BEAAE16AD3F}.Ad-Hoc|ARM.ActiveCfg = Release|Any CPU
		{981A4C73-5725-4531-BE9E-5BEAAE16AD3F}.Ad-Hoc|ARM.Build.0 = Release|Any CPU
		{981A4C73-5725-4531-BE9E-5BEAAE16AD3F}.Ad-Hoc|ARM.Deploy.0 = Release|Any CPU
		{981A4C73-5725-4531-BE9E-5BEAAE16AD3F}.Ad-Hoc|iPhone.ActiveCfg = Release|Any CPU
		{981A4C73-5725-4531-BE9E-5BEAAE16AD3F}.Ad-Hoc|iPhone.Build.0 = Release|Any CPU
		{981A4C73-5725-4531-BE9E-5BEAAE16AD3F}.Ad-Hoc|iPhone.Deploy.0 = Release|Any CPU
		{981A4C73-5725-4531-BE9E-5BEAAE16AD3F}.Ad-Hoc|iPhoneSimulator.ActiveCfg = Release|Any CPU
		{981A4C73-5725-4531-BE9E-5BEAAE16AD3F}.Ad-Hoc|iPhoneSimulator.Build.0 = Release|Any CPU
		{981A4C73-5725-4531-BE9E-5BEAAE16AD3F}.Ad-Hoc|iPhoneSimulator.Deploy.0 = Release|Any CPU
		{981A4C73-5725-4531-BE9E-5BEAAE16AD3F}.Ad-Hoc|x64.ActiveCfg = Release|Any CPU
		{981A4C73-5725-4531-BE9E-5BEAAE16AD3F}.Ad-Hoc|x64.Build.0 = Release|Any CPU
		{981A4C73-5725-4531-BE9E-5BEAAE16AD3F}.Ad-Hoc|x64.Deploy.0 = Release|Any CPU
		{981A4C73-5725-4531-BE9E-5BEAAE16AD3F}.Ad-Hoc|x86.ActiveCfg = Release|Any CPU
		{981A4C73-5725-4531-BE9E-5BEAAE16AD3F}.Ad-Hoc|x86.Build.0 = Release|Any CPU
		{981A4C73-5725-4531-BE9E-5BEAAE16AD3F}.Ad-Hoc|x86.Deploy.0 = Release|Any CPU
		{981A4C73-5725-4531-BE9E-5BEAAE16AD3F}.AppStore|Any CPU.ActiveCfg = Release|Any CPU
		{981A4C73-5725-4531-BE9E-5BEAAE16AD3F}.AppStore|Any CPU.Build.0 = Release|Any CPU
		{981A4C73-5725-4531-BE9E-5BEAAE16AD3F}.AppStore|Any CPU.Deploy.0 = Release|Any CPU
		{981A4C73-5725-4531-BE9E-5BEAAE16AD3F}.AppStore|ARM.ActiveCfg = Release|Any CPU
		{981A4C73-5725-4531-BE9E-5BEAAE16AD3F}.AppStore|ARM.Build.0 = Release|Any CPU
		{981A4C73-5725-4531-BE9E-5BEAAE16AD3F}.AppStore|ARM.Deploy.0 = Release|Any CPU
		{981A4C73-5725-4531-BE9E-5BEAAE16AD3F}.AppStore|iPhone.ActiveCfg = Release|Any CPU
		{981A4C73-5725-4531-BE9E-5BEAAE16AD3F}.AppStore|iPhone.Build.0 = Release|Any CPU
		{981A4C73-5725-4531-BE9E-5BEAAE16AD3F}.AppStore|iPhone.Deploy.0 = Release|Any CPU
		{981A4C73-5725-4531-BE9E-5BEAAE16AD3F}.AppStore|iPhoneSimulator.ActiveCfg = Release|Any CPU
		{981A4C73-5725-4531-BE9E-5BEAAE16AD3F}.AppStore|iPhoneSimulator.Build.0 = Release|Any CPU
		{981A4C73-5725-4531-BE9E-5BEAAE16AD3F}.AppStore|iPhoneSimulator.Deploy.0 = Release|Any CPU
		{981A4C73-5725-4531-BE9E-5BEAAE16AD3F}.AppStore|x64.ActiveCfg = Release|Any CPU
		{981A4C73-5725-4531-BE9E-5BEAAE16AD3F}.AppStore|x64.Build.0 = Release|Any CPU
		{981A4C73-5725-4531-BE9E-5BEAAE16AD3F}.AppStore|x64.Deploy.0 = Release|Any CPU
		{981A4C73-5725-4531-BE9E-5BEAAE16AD3F}.AppStore|x86.ActiveCfg = Release|Any CPU
		{981A4C73-5725-4531-BE9E-5BEAAE16AD3F}.AppStore|x86.Build.0 = Release|Any CPU
		{981A4C73-5725-4531-BE9E-5BEAAE16AD3F}.AppStore|x86.Deploy.0 = Release|Any CPU
		{981A4C73-5725-4531-BE9E-5BEAAE16AD3F}.Debug|Any CPU.ActiveCfg = Debug|Any CPU
		{981A4C73-5725-4531-BE9E-5BEAAE16AD3F}.Debug|Any CPU.Build.0 = Debug|Any CPU
		{981A4C73-5725-4531-BE9E-5BEAAE16AD3F}.Debug|Any CPU.Deploy.0 = Debug|Any CPU
		{981A4C73-5725-4531-BE9E-5BEAAE16AD3F}.Debug|ARM.ActiveCfg = Debug|Any CPU
		{981A4C73-5725-4531-BE9E-5BEAAE16AD3F}.Debug|ARM.Build.0 = Debug|Any CPU
		{981A4C73-5725-4531-BE9E-5BEAAE16AD3F}.Debug|ARM.Deploy.0 = Debug|Any CPU
		{981A4C73-5725-4531-BE9E-5BEAAE16AD3F}.Debug|iPhone.ActiveCfg = Debug|Any CPU
		{981A4C73-5725-4531-BE9E-5BEAAE16AD3F}.Debug|iPhone.Build.0 = Debug|Any CPU
		{981A4C73-5725-4531-BE9E-5BEAAE16AD3F}.Debug|iPhone.Deploy.0 = Debug|Any CPU
		{981A4C73-5725-4531-BE9E-5BEAAE16AD3F}.Debug|iPhoneSimulator.ActiveCfg = Debug|Any CPU
		{981A4C73-5725-4531-BE9E-5BEAAE16AD3F}.Debug|iPhoneSimulator.Build.0 = Debug|Any CPU
		{981A4C73-5725-4531-BE9E-5BEAAE16AD3F}.Debug|iPhoneSimulator.Deploy.0 = Debug|Any CPU
		{981A4C73-5725-4531-BE9E-5BEAAE16AD3F}.Debug|x64.ActiveCfg = Debug|Any CPU
		{981A4C73-5725-4531-BE9E-5BEAAE16AD3F}.Debug|x64.Build.0 = Debug|Any CPU
		{981A4C73-5725-4531-BE9E-5BEAAE16AD3F}.Debug|x64.Deploy.0 = Debug|Any CPU
		{981A4C73-5725-4531-BE9E-5BEAAE16AD3F}.Debug|x86.ActiveCfg = Debug|Any CPU
		{981A4C73-5725-4531-BE9E-5BEAAE16AD3F}.Debug|x86.Build.0 = Debug|Any CPU
		{981A4C73-5725-4531-BE9E-5BEAAE16AD3F}.Debug|x86.Deploy.0 = Debug|Any CPU
		{981A4C73-5725-4531-BE9E-5BEAAE16AD3F}.Release|Any CPU.ActiveCfg = Release|Any CPU
		{981A4C73-5725-4531-BE9E-5BEAAE16AD3F}.Release|Any CPU.Build.0 = Release|Any CPU
		{981A4C73-5725-4531-BE9E-5BEAAE16AD3F}.Release|Any CPU.Deploy.0 = Release|Any CPU
		{981A4C73-5725-4531-BE9E-5BEAAE16AD3F}.Release|ARM.ActiveCfg = Release|Any CPU
		{981A4C73-5725-4531-BE9E-5BEAAE16AD3F}.Release|ARM.Build.0 = Release|Any CPU
		{981A4C73-5725-4531-BE9E-5BEAAE16AD3F}.Release|ARM.Deploy.0 = Release|Any CPU
		{981A4C73-5725-4531-BE9E-5BEAAE16AD3F}.Release|iPhone.ActiveCfg = Release|Any CPU
		{981A4C73-5725-4531-BE9E-5BEAAE16AD3F}.Release|iPhone.Build.0 = Release|Any CPU
		{981A4C73-5725-4531-BE9E-5BEAAE16AD3F}.Release|iPhone.Deploy.0 = Release|Any CPU
		{981A4C73-5725-4531-BE9E-5BEAAE16AD3F}.Release|iPhoneSimulator.ActiveCfg = Release|Any CPU
		{981A4C73-5725-4531-BE9E-5BEAAE16AD3F}.Release|iPhoneSimulator.Build.0 = Release|Any CPU
		{981A4C73-5725-4531-BE9E-5BEAAE16AD3F}.Release|iPhoneSimulator.Deploy.0 = Release|Any CPU
		{981A4C73-5725-4531-BE9E-5BEAAE16AD3F}.Release|x64.ActiveCfg = Release|Any CPU
		{981A4C73-5725-4531-BE9E-5BEAAE16AD3F}.Release|x64.Build.0 = Release|Any CPU
		{981A4C73-5725-4531-BE9E-5BEAAE16AD3F}.Release|x64.Deploy.0 = Release|Any CPU
		{981A4C73-5725-4531-BE9E-5BEAAE16AD3F}.Release|x86.ActiveCfg = Release|Any CPU
		{981A4C73-5725-4531-BE9E-5BEAAE16AD3F}.Release|x86.Build.0 = Release|Any CPU
		{981A4C73-5725-4531-BE9E-5BEAAE16AD3F}.Release|x86.Deploy.0 = Release|Any CPU
		{04C69FDD-255B-4E2E-A4EC-B1E023AB5E5A}.Ad-Hoc|Any CPU.ActiveCfg = Ad-Hoc|iPhone
		{04C69FDD-255B-4E2E-A4EC-B1E023AB5E5A}.Ad-Hoc|ARM.ActiveCfg = Ad-Hoc|iPhone
		{04C69FDD-255B-4E2E-A4EC-B1E023AB5E5A}.Ad-Hoc|iPhone.ActiveCfg = Ad-Hoc|iPhone
		{04C69FDD-255B-4E2E-A4EC-B1E023AB5E5A}.Ad-Hoc|iPhone.Build.0 = Ad-Hoc|iPhone
		{04C69FDD-255B-4E2E-A4EC-B1E023AB5E5A}.Ad-Hoc|iPhoneSimulator.ActiveCfg = Ad-Hoc|iPhoneSimulator
		{04C69FDD-255B-4E2E-A4EC-B1E023AB5E5A}.Ad-Hoc|iPhoneSimulator.Build.0 = Ad-Hoc|iPhoneSimulator
		{04C69FDD-255B-4E2E-A4EC-B1E023AB5E5A}.Ad-Hoc|x64.ActiveCfg = Ad-Hoc|iPhone
		{04C69FDD-255B-4E2E-A4EC-B1E023AB5E5A}.Ad-Hoc|x86.ActiveCfg = Ad-Hoc|iPhone
		{04C69FDD-255B-4E2E-A4EC-B1E023AB5E5A}.AppStore|Any CPU.ActiveCfg = AppStore|iPhone
		{04C69FDD-255B-4E2E-A4EC-B1E023AB5E5A}.AppStore|ARM.ActiveCfg = AppStore|iPhone
		{04C69FDD-255B-4E2E-A4EC-B1E023AB5E5A}.AppStore|iPhone.ActiveCfg = AppStore|iPhone
		{04C69FDD-255B-4E2E-A4EC-B1E023AB5E5A}.AppStore|iPhone.Build.0 = AppStore|iPhone
		{04C69FDD-255B-4E2E-A4EC-B1E023AB5E5A}.AppStore|iPhoneSimulator.ActiveCfg = AppStore|iPhoneSimulator
		{04C69FDD-255B-4E2E-A4EC-B1E023AB5E5A}.AppStore|iPhoneSimulator.Build.0 = AppStore|iPhoneSimulator
		{04C69FDD-255B-4E2E-A4EC-B1E023AB5E5A}.AppStore|x64.ActiveCfg = AppStore|iPhone
		{04C69FDD-255B-4E2E-A4EC-B1E023AB5E5A}.AppStore|x86.ActiveCfg = AppStore|iPhone
		{04C69FDD-255B-4E2E-A4EC-B1E023AB5E5A}.Debug|Any CPU.ActiveCfg = Debug|iPhone
		{04C69FDD-255B-4E2E-A4EC-B1E023AB5E5A}.Debug|ARM.ActiveCfg = Debug|iPhone
		{04C69FDD-255B-4E2E-A4EC-B1E023AB5E5A}.Debug|iPhone.ActiveCfg = Debug|iPhone
		{04C69FDD-255B-4E2E-A4EC-B1E023AB5E5A}.Debug|iPhone.Build.0 = Debug|iPhone
		{04C69FDD-255B-4E2E-A4EC-B1E023AB5E5A}.Debug|iPhoneSimulator.ActiveCfg = Debug|iPhoneSimulator
		{04C69FDD-255B-4E2E-A4EC-B1E023AB5E5A}.Debug|iPhoneSimulator.Build.0 = Debug|iPhoneSimulator
		{04C69FDD-255B-4E2E-A4EC-B1E023AB5E5A}.Debug|x64.ActiveCfg = Debug|iPhone
		{04C69FDD-255B-4E2E-A4EC-B1E023AB5E5A}.Debug|x86.ActiveCfg = Debug|iPhone
		{04C69FDD-255B-4E2E-A4EC-B1E023AB5E5A}.Release|Any CPU.ActiveCfg = Release|iPhone
		{04C69FDD-255B-4E2E-A4EC-B1E023AB5E5A}.Release|ARM.ActiveCfg = Release|iPhone
		{04C69FDD-255B-4E2E-A4EC-B1E023AB5E5A}.Release|iPhone.ActiveCfg = Release|iPhone
		{04C69FDD-255B-4E2E-A4EC-B1E023AB5E5A}.Release|iPhone.Build.0 = Release|iPhone
		{04C69FDD-255B-4E2E-A4EC-B1E023AB5E5A}.Release|iPhoneSimulator.ActiveCfg = Release|iPhoneSimulator
		{04C69FDD-255B-4E2E-A4EC-B1E023AB5E5A}.Release|iPhoneSimulator.Build.0 = Release|iPhoneSimulator
		{04C69FDD-255B-4E2E-A4EC-B1E023AB5E5A}.Release|x64.ActiveCfg = Release|iPhone
		{04C69FDD-255B-4E2E-A4EC-B1E023AB5E5A}.Release|x86.ActiveCfg = Release|iPhone
		{9995072C-7642-4B52-B33F-BDDB64465A24}.Ad-Hoc|Any CPU.ActiveCfg = Release|Any CPU
		{9995072C-7642-4B52-B33F-BDDB64465A24}.Ad-Hoc|Any CPU.Build.0 = Release|Any CPU
		{9995072C-7642-4B52-B33F-BDDB64465A24}.Ad-Hoc|ARM.ActiveCfg = Release|Any CPU
		{9995072C-7642-4B52-B33F-BDDB64465A24}.Ad-Hoc|ARM.Build.0 = Release|Any CPU
		{9995072C-7642-4B52-B33F-BDDB64465A24}.Ad-Hoc|iPhone.ActiveCfg = Release|Any CPU
		{9995072C-7642-4B52-B33F-BDDB64465A24}.Ad-Hoc|iPhone.Build.0 = Release|Any CPU
		{9995072C-7642-4B52-B33F-BDDB64465A24}.Ad-Hoc|iPhoneSimulator.ActiveCfg = Release|Any CPU
		{9995072C-7642-4B52-B33F-BDDB64465A24}.Ad-Hoc|iPhoneSimulator.Build.0 = Release|Any CPU
		{9995072C-7642-4B52-B33F-BDDB64465A24}.Ad-Hoc|x64.ActiveCfg = Release|Any CPU
		{9995072C-7642-4B52-B33F-BDDB64465A24}.Ad-Hoc|x64.Build.0 = Release|Any CPU
		{9995072C-7642-4B52-B33F-BDDB64465A24}.Ad-Hoc|x86.ActiveCfg = Release|Any CPU
		{9995072C-7642-4B52-B33F-BDDB64465A24}.Ad-Hoc|x86.Build.0 = Release|Any CPU
		{9995072C-7642-4B52-B33F-BDDB64465A24}.AppStore|Any CPU.ActiveCfg = Release|Any CPU
		{9995072C-7642-4B52-B33F-BDDB64465A24}.AppStore|Any CPU.Build.0 = Release|Any CPU
		{9995072C-7642-4B52-B33F-BDDB64465A24}.AppStore|ARM.ActiveCfg = Release|Any CPU
		{9995072C-7642-4B52-B33F-BDDB64465A24}.AppStore|ARM.Build.0 = Release|Any CPU
		{9995072C-7642-4B52-B33F-BDDB64465A24}.AppStore|iPhone.ActiveCfg = Release|Any CPU
		{9995072C-7642-4B52-B33F-BDDB64465A24}.AppStore|iPhone.Build.0 = Release|Any CPU
		{9995072C-7642-4B52-B33F-BDDB64465A24}.AppStore|iPhoneSimulator.ActiveCfg = Release|Any CPU
		{9995072C-7642-4B52-B33F-BDDB64465A24}.AppStore|iPhoneSimulator.Build.0 = Release|Any CPU
		{9995072C-7642-4B52-B33F-BDDB64465A24}.AppStore|x64.ActiveCfg = Release|Any CPU
		{9995072C-7642-4B52-B33F-BDDB64465A24}.AppStore|x64.Build.0 = Release|Any CPU
		{9995072C-7642-4B52-B33F-BDDB64465A24}.AppStore|x86.ActiveCfg = Release|Any CPU
		{9995072C-7642-4B52-B33F-BDDB64465A24}.AppStore|x86.Build.0 = Release|Any CPU
		{9995072C-7642-4B52-B33F-BDDB64465A24}.Debug|Any CPU.ActiveCfg = Debug|Any CPU
		{9995072C-7642-4B52-B33F-BDDB64465A24}.Debug|Any CPU.Build.0 = Debug|Any CPU
		{9995072C-7642-4B52-B33F-BDDB64465A24}.Debug|ARM.ActiveCfg = Debug|Any CPU
		{9995072C-7642-4B52-B33F-BDDB64465A24}.Debug|iPhone.ActiveCfg = Debug|Any CPU
		{9995072C-7642-4B52-B33F-BDDB64465A24}.Debug|iPhone.Build.0 = Debug|Any CPU
		{9995072C-7642-4B52-B33F-BDDB64465A24}.Debug|iPhoneSimulator.ActiveCfg = Debug|Any CPU
		{9995072C-7642-4B52-B33F-BDDB64465A24}.Debug|iPhoneSimulator.Build.0 = Debug|Any CPU
		{9995072C-7642-4B52-B33F-BDDB64465A24}.Debug|x64.ActiveCfg = Debug|Any CPU
		{9995072C-7642-4B52-B33F-BDDB64465A24}.Debug|x64.Build.0 = Debug|Any CPU
		{9995072C-7642-4B52-B33F-BDDB64465A24}.Debug|x86.ActiveCfg = Debug|Any CPU
		{9995072C-7642-4B52-B33F-BDDB64465A24}.Debug|x86.Build.0 = Debug|Any CPU
		{9995072C-7642-4B52-B33F-BDDB64465A24}.Release|Any CPU.ActiveCfg = Release|Any CPU
		{9995072C-7642-4B52-B33F-BDDB64465A24}.Release|Any CPU.Build.0 = Release|Any CPU
		{9995072C-7642-4B52-B33F-BDDB64465A24}.Release|ARM.ActiveCfg = Release|Any CPU
		{9995072C-7642-4B52-B33F-BDDB64465A24}.Release|ARM.Build.0 = Release|Any CPU
		{9995072C-7642-4B52-B33F-BDDB64465A24}.Release|iPhone.ActiveCfg = Release|Any CPU
		{9995072C-7642-4B52-B33F-BDDB64465A24}.Release|iPhone.Build.0 = Release|Any CPU
		{9995072C-7642-4B52-B33F-BDDB64465A24}.Release|iPhoneSimulator.ActiveCfg = Release|Any CPU
		{9995072C-7642-4B52-B33F-BDDB64465A24}.Release|iPhoneSimulator.Build.0 = Release|Any CPU
		{9995072C-7642-4B52-B33F-BDDB64465A24}.Release|x64.ActiveCfg = Release|Any CPU
		{9995072C-7642-4B52-B33F-BDDB64465A24}.Release|x64.Build.0 = Release|Any CPU
		{9995072C-7642-4B52-B33F-BDDB64465A24}.Release|x86.ActiveCfg = Release|Any CPU
		{9995072C-7642-4B52-B33F-BDDB64465A24}.Release|x86.Build.0 = Release|Any CPU
		{FC219D4F-7B61-4234-8E5F-4D789390288E}.Ad-Hoc|Any CPU.ActiveCfg = Release|Any CPU
		{FC219D4F-7B61-4234-8E5F-4D789390288E}.Ad-Hoc|Any CPU.Build.0 = Release|Any CPU
		{FC219D4F-7B61-4234-8E5F-4D789390288E}.Ad-Hoc|ARM.ActiveCfg = Release|Any CPU
		{FC219D4F-7B61-4234-8E5F-4D789390288E}.Ad-Hoc|ARM.Build.0 = Release|Any CPU
		{FC219D4F-7B61-4234-8E5F-4D789390288E}.Ad-Hoc|iPhone.ActiveCfg = Release|Any CPU
		{FC219D4F-7B61-4234-8E5F-4D789390288E}.Ad-Hoc|iPhone.Build.0 = Release|Any CPU
		{FC219D4F-7B61-4234-8E5F-4D789390288E}.Ad-Hoc|iPhoneSimulator.ActiveCfg = Release|Any CPU
		{FC219D4F-7B61-4234-8E5F-4D789390288E}.Ad-Hoc|iPhoneSimulator.Build.0 = Release|Any CPU
		{FC219D4F-7B61-4234-8E5F-4D789390288E}.Ad-Hoc|x64.ActiveCfg = Release|Any CPU
		{FC219D4F-7B61-4234-8E5F-4D789390288E}.Ad-Hoc|x64.Build.0 = Release|Any CPU
		{FC219D4F-7B61-4234-8E5F-4D789390288E}.Ad-Hoc|x86.ActiveCfg = Release|Any CPU
		{FC219D4F-7B61-4234-8E5F-4D789390288E}.Ad-Hoc|x86.Build.0 = Release|Any CPU
		{FC219D4F-7B61-4234-8E5F-4D789390288E}.AppStore|Any CPU.ActiveCfg = Release|Any CPU
		{FC219D4F-7B61-4234-8E5F-4D789390288E}.AppStore|Any CPU.Build.0 = Release|Any CPU
		{FC219D4F-7B61-4234-8E5F-4D789390288E}.AppStore|ARM.ActiveCfg = Release|Any CPU
		{FC219D4F-7B61-4234-8E5F-4D789390288E}.AppStore|ARM.Build.0 = Release|Any CPU
		{FC219D4F-7B61-4234-8E5F-4D789390288E}.AppStore|iPhone.ActiveCfg = Release|Any CPU
		{FC219D4F-7B61-4234-8E5F-4D789390288E}.AppStore|iPhone.Build.0 = Release|Any CPU
		{FC219D4F-7B61-4234-8E5F-4D789390288E}.AppStore|iPhoneSimulator.ActiveCfg = Release|Any CPU
		{FC219D4F-7B61-4234-8E5F-4D789390288E}.AppStore|iPhoneSimulator.Build.0 = Release|Any CPU
		{FC219D4F-7B61-4234-8E5F-4D789390288E}.AppStore|x64.ActiveCfg = Release|Any CPU
		{FC219D4F-7B61-4234-8E5F-4D789390288E}.AppStore|x64.Build.0 = Release|Any CPU
		{FC219D4F-7B61-4234-8E5F-4D789390288E}.AppStore|x86.ActiveCfg = Release|Any CPU
		{FC219D4F-7B61-4234-8E5F-4D789390288E}.AppStore|x86.Build.0 = Release|Any CPU
		{FC219D4F-7B61-4234-8E5F-4D789390288E}.Debug|Any CPU.ActiveCfg = Debug|Any CPU
		{FC219D4F-7B61-4234-8E5F-4D789390288E}.Debug|Any CPU.Build.0 = Debug|Any CPU
		{FC219D4F-7B61-4234-8E5F-4D789390288E}.Debug|ARM.ActiveCfg = Debug|Any CPU
		{FC219D4F-7B61-4234-8E5F-4D789390288E}.Debug|ARM.Build.0 = Debug|Any CPU
		{FC219D4F-7B61-4234-8E5F-4D789390288E}.Debug|iPhone.ActiveCfg = Debug|Any CPU
		{FC219D4F-7B61-4234-8E5F-4D789390288E}.Debug|iPhone.Build.0 = Debug|Any CPU
		{FC219D4F-7B61-4234-8E5F-4D789390288E}.Debug|iPhoneSimulator.ActiveCfg = Debug|Any CPU
		{FC219D4F-7B61-4234-8E5F-4D789390288E}.Debug|iPhoneSimulator.Build.0 = Debug|Any CPU
		{FC219D4F-7B61-4234-8E5F-4D789390288E}.Debug|x64.ActiveCfg = Debug|Any CPU
		{FC219D4F-7B61-4234-8E5F-4D789390288E}.Debug|x64.Build.0 = Debug|Any CPU
		{FC219D4F-7B61-4234-8E5F-4D789390288E}.Debug|x86.ActiveCfg = Debug|Any CPU
		{FC219D4F-7B61-4234-8E5F-4D789390288E}.Debug|x86.Build.0 = Debug|Any CPU
		{FC219D4F-7B61-4234-8E5F-4D789390288E}.Release|Any CPU.ActiveCfg = Release|Any CPU
		{FC219D4F-7B61-4234-8E5F-4D789390288E}.Release|Any CPU.Build.0 = Release|Any CPU
		{FC219D4F-7B61-4234-8E5F-4D789390288E}.Release|ARM.ActiveCfg = Release|Any CPU
		{FC219D4F-7B61-4234-8E5F-4D789390288E}.Release|ARM.Build.0 = Release|Any CPU
		{FC219D4F-7B61-4234-8E5F-4D789390288E}.Release|iPhone.ActiveCfg = Release|Any CPU
		{FC219D4F-7B61-4234-8E5F-4D789390288E}.Release|iPhone.Build.0 = Release|Any CPU
		{FC219D4F-7B61-4234-8E5F-4D789390288E}.Release|iPhoneSimulator.ActiveCfg = Release|Any CPU
		{FC219D4F-7B61-4234-8E5F-4D789390288E}.Release|iPhoneSimulator.Build.0 = Release|Any CPU
		{FC219D4F-7B61-4234-8E5F-4D789390288E}.Release|x64.ActiveCfg = Release|Any CPU
		{FC219D4F-7B61-4234-8E5F-4D789390288E}.Release|x64.Build.0 = Release|Any CPU
		{FC219D4F-7B61-4234-8E5F-4D789390288E}.Release|x86.ActiveCfg = Release|Any CPU
		{FC219D4F-7B61-4234-8E5F-4D789390288E}.Release|x86.Build.0 = Release|Any CPU
		{5714E30A-47BC-4006-B37A-A505A36F85FE}.Ad-Hoc|Any CPU.ActiveCfg = Release|Any CPU
		{5714E30A-47BC-4006-B37A-A505A36F85FE}.Ad-Hoc|Any CPU.Build.0 = Release|Any CPU
		{5714E30A-47BC-4006-B37A-A505A36F85FE}.Ad-Hoc|ARM.ActiveCfg = Release|Any CPU
		{5714E30A-47BC-4006-B37A-A505A36F85FE}.Ad-Hoc|ARM.Build.0 = Release|Any CPU
		{5714E30A-47BC-4006-B37A-A505A36F85FE}.Ad-Hoc|iPhone.ActiveCfg = Release|Any CPU
		{5714E30A-47BC-4006-B37A-A505A36F85FE}.Ad-Hoc|iPhone.Build.0 = Release|Any CPU
		{5714E30A-47BC-4006-B37A-A505A36F85FE}.Ad-Hoc|iPhoneSimulator.ActiveCfg = Release|Any CPU
		{5714E30A-47BC-4006-B37A-A505A36F85FE}.Ad-Hoc|iPhoneSimulator.Build.0 = Release|Any CPU
		{5714E30A-47BC-4006-B37A-A505A36F85FE}.Ad-Hoc|x64.ActiveCfg = Release|Any CPU
		{5714E30A-47BC-4006-B37A-A505A36F85FE}.Ad-Hoc|x64.Build.0 = Release|Any CPU
		{5714E30A-47BC-4006-B37A-A505A36F85FE}.Ad-Hoc|x86.ActiveCfg = Release|Any CPU
		{5714E30A-47BC-4006-B37A-A505A36F85FE}.Ad-Hoc|x86.Build.0 = Release|Any CPU
		{5714E30A-47BC-4006-B37A-A505A36F85FE}.AppStore|Any CPU.ActiveCfg = Release|Any CPU
		{5714E30A-47BC-4006-B37A-A505A36F85FE}.AppStore|Any CPU.Build.0 = Release|Any CPU
		{5714E30A-47BC-4006-B37A-A505A36F85FE}.AppStore|ARM.ActiveCfg = Release|Any CPU
		{5714E30A-47BC-4006-B37A-A505A36F85FE}.AppStore|ARM.Build.0 = Release|Any CPU
		{5714E30A-47BC-4006-B37A-A505A36F85FE}.AppStore|iPhone.ActiveCfg = Release|Any CPU
		{5714E30A-47BC-4006-B37A-A505A36F85FE}.AppStore|iPhone.Build.0 = Release|Any CPU
		{5714E30A-47BC-4006-B37A-A505A36F85FE}.AppStore|iPhoneSimulator.ActiveCfg = Release|Any CPU
		{5714E30A-47BC-4006-B37A-A505A36F85FE}.AppStore|iPhoneSimulator.Build.0 = Release|Any CPU
		{5714E30A-47BC-4006-B37A-A505A36F85FE}.AppStore|x64.ActiveCfg = Release|Any CPU
		{5714E30A-47BC-4006-B37A-A505A36F85FE}.AppStore|x64.Build.0 = Release|Any CPU
		{5714E30A-47BC-4006-B37A-A505A36F85FE}.AppStore|x86.ActiveCfg = Release|Any CPU
		{5714E30A-47BC-4006-B37A-A505A36F85FE}.AppStore|x86.Build.0 = Release|Any CPU
		{5714E30A-47BC-4006-B37A-A505A36F85FE}.Debug|Any CPU.ActiveCfg = Debug|Any CPU
		{5714E30A-47BC-4006-B37A-A505A36F85FE}.Debug|Any CPU.Build.0 = Debug|Any CPU
		{5714E30A-47BC-4006-B37A-A505A36F85FE}.Debug|ARM.ActiveCfg = Debug|Any CPU
		{5714E30A-47BC-4006-B37A-A505A36F85FE}.Debug|iPhone.ActiveCfg = Debug|Any CPU
		{5714E30A-47BC-4006-B37A-A505A36F85FE}.Debug|iPhone.Build.0 = Debug|Any CPU
		{5714E30A-47BC-4006-B37A-A505A36F85FE}.Debug|iPhoneSimulator.ActiveCfg = Debug|Any CPU
		{5714E30A-47BC-4006-B37A-A505A36F85FE}.Debug|iPhoneSimulator.Build.0 = Debug|Any CPU
		{5714E30A-47BC-4006-B37A-A505A36F85FE}.Debug|x64.ActiveCfg = Debug|Any CPU
		{5714E30A-47BC-4006-B37A-A505A36F85FE}.Debug|x64.Build.0 = Debug|Any CPU
		{5714E30A-47BC-4006-B37A-A505A36F85FE}.Debug|x86.ActiveCfg = Debug|Any CPU
		{5714E30A-47BC-4006-B37A-A505A36F85FE}.Debug|x86.Build.0 = Debug|Any CPU
		{5714E30A-47BC-4006-B37A-A505A36F85FE}.Release|Any CPU.ActiveCfg = Release|Any CPU
		{5714E30A-47BC-4006-B37A-A505A36F85FE}.Release|Any CPU.Build.0 = Release|Any CPU
		{5714E30A-47BC-4006-B37A-A505A36F85FE}.Release|ARM.ActiveCfg = Release|Any CPU
		{5714E30A-47BC-4006-B37A-A505A36F85FE}.Release|ARM.Build.0 = Release|Any CPU
		{5714E30A-47BC-4006-B37A-A505A36F85FE}.Release|iPhone.ActiveCfg = Release|Any CPU
		{5714E30A-47BC-4006-B37A-A505A36F85FE}.Release|iPhone.Build.0 = Release|Any CPU
		{5714E30A-47BC-4006-B37A-A505A36F85FE}.Release|iPhoneSimulator.ActiveCfg = Release|Any CPU
		{5714E30A-47BC-4006-B37A-A505A36F85FE}.Release|iPhoneSimulator.Build.0 = Release|Any CPU
		{5714E30A-47BC-4006-B37A-A505A36F85FE}.Release|x64.ActiveCfg = Release|Any CPU
		{5714E30A-47BC-4006-B37A-A505A36F85FE}.Release|x64.Build.0 = Release|Any CPU
		{5714E30A-47BC-4006-B37A-A505A36F85FE}.Release|x86.ActiveCfg = Release|Any CPU
		{5714E30A-47BC-4006-B37A-A505A36F85FE}.Release|x86.Build.0 = Release|Any CPU
		{5A9E3C9E-8511-4218-A99D-951275B8AEC3}.Ad-Hoc|Any CPU.ActiveCfg = Release|Any CPU
		{5A9E3C9E-8511-4218-A99D-951275B8AEC3}.Ad-Hoc|Any CPU.Build.0 = Release|Any CPU
		{5A9E3C9E-8511-4218-A99D-951275B8AEC3}.Ad-Hoc|ARM.ActiveCfg = Release|Any CPU
		{5A9E3C9E-8511-4218-A99D-951275B8AEC3}.Ad-Hoc|ARM.Build.0 = Release|Any CPU
		{5A9E3C9E-8511-4218-A99D-951275B8AEC3}.Ad-Hoc|iPhone.ActiveCfg = Release|Any CPU
		{5A9E3C9E-8511-4218-A99D-951275B8AEC3}.Ad-Hoc|iPhone.Build.0 = Release|Any CPU
		{5A9E3C9E-8511-4218-A99D-951275B8AEC3}.Ad-Hoc|iPhoneSimulator.ActiveCfg = Release|Any CPU
		{5A9E3C9E-8511-4218-A99D-951275B8AEC3}.Ad-Hoc|iPhoneSimulator.Build.0 = Release|Any CPU
		{5A9E3C9E-8511-4218-A99D-951275B8AEC3}.Ad-Hoc|x64.ActiveCfg = Release|Any CPU
		{5A9E3C9E-8511-4218-A99D-951275B8AEC3}.Ad-Hoc|x64.Build.0 = Release|Any CPU
		{5A9E3C9E-8511-4218-A99D-951275B8AEC3}.Ad-Hoc|x86.ActiveCfg = Release|Any CPU
		{5A9E3C9E-8511-4218-A99D-951275B8AEC3}.Ad-Hoc|x86.Build.0 = Release|Any CPU
		{5A9E3C9E-8511-4218-A99D-951275B8AEC3}.AppStore|Any CPU.ActiveCfg = Release|Any CPU
		{5A9E3C9E-8511-4218-A99D-951275B8AEC3}.AppStore|Any CPU.Build.0 = Release|Any CPU
		{5A9E3C9E-8511-4218-A99D-951275B8AEC3}.AppStore|ARM.ActiveCfg = Release|Any CPU
		{5A9E3C9E-8511-4218-A99D-951275B8AEC3}.AppStore|ARM.Build.0 = Release|Any CPU
		{5A9E3C9E-8511-4218-A99D-951275B8AEC3}.AppStore|iPhone.ActiveCfg = Release|Any CPU
		{5A9E3C9E-8511-4218-A99D-951275B8AEC3}.AppStore|iPhone.Build.0 = Release|Any CPU
		{5A9E3C9E-8511-4218-A99D-951275B8AEC3}.AppStore|iPhoneSimulator.ActiveCfg = Release|Any CPU
		{5A9E3C9E-8511-4218-A99D-951275B8AEC3}.AppStore|iPhoneSimulator.Build.0 = Release|Any CPU
		{5A9E3C9E-8511-4218-A99D-951275B8AEC3}.AppStore|x64.ActiveCfg = Release|Any CPU
		{5A9E3C9E-8511-4218-A99D-951275B8AEC3}.AppStore|x64.Build.0 = Release|Any CPU
		{5A9E3C9E-8511-4218-A99D-951275B8AEC3}.AppStore|x86.ActiveCfg = Release|Any CPU
		{5A9E3C9E-8511-4218-A99D-951275B8AEC3}.AppStore|x86.Build.0 = Release|Any CPU
		{5A9E3C9E-8511-4218-A99D-951275B8AEC3}.Debug|Any CPU.ActiveCfg = Debug|Any CPU
		{5A9E3C9E-8511-4218-A99D-951275B8AEC3}.Debug|Any CPU.Build.0 = Debug|Any CPU
		{5A9E3C9E-8511-4218-A99D-951275B8AEC3}.Debug|ARM.ActiveCfg = Debug|Any CPU
		{5A9E3C9E-8511-4218-A99D-951275B8AEC3}.Debug|iPhone.ActiveCfg = Debug|Any CPU
		{5A9E3C9E-8511-4218-A99D-951275B8AEC3}.Debug|iPhone.Build.0 = Debug|Any CPU
		{5A9E3C9E-8511-4218-A99D-951275B8AEC3}.Debug|iPhoneSimulator.ActiveCfg = Debug|Any CPU
		{5A9E3C9E-8511-4218-A99D-951275B8AEC3}.Debug|iPhoneSimulator.Build.0 = Debug|Any CPU
		{5A9E3C9E-8511-4218-A99D-951275B8AEC3}.Debug|x64.ActiveCfg = Debug|Any CPU
		{5A9E3C9E-8511-4218-A99D-951275B8AEC3}.Debug|x64.Build.0 = Debug|Any CPU
		{5A9E3C9E-8511-4218-A99D-951275B8AEC3}.Debug|x86.ActiveCfg = Debug|Any CPU
		{5A9E3C9E-8511-4218-A99D-951275B8AEC3}.Debug|x86.Build.0 = Debug|Any CPU
		{5A9E3C9E-8511-4218-A99D-951275B8AEC3}.Release|Any CPU.ActiveCfg = Release|Any CPU
		{5A9E3C9E-8511-4218-A99D-951275B8AEC3}.Release|Any CPU.Build.0 = Release|Any CPU
		{5A9E3C9E-8511-4218-A99D-951275B8AEC3}.Release|ARM.ActiveCfg = Release|Any CPU
		{5A9E3C9E-8511-4218-A99D-951275B8AEC3}.Release|ARM.Build.0 = Release|Any CPU
		{5A9E3C9E-8511-4218-A99D-951275B8AEC3}.Release|iPhone.ActiveCfg = Release|Any CPU
		{5A9E3C9E-8511-4218-A99D-951275B8AEC3}.Release|iPhone.Build.0 = Release|Any CPU
		{5A9E3C9E-8511-4218-A99D-951275B8AEC3}.Release|iPhoneSimulator.ActiveCfg = Release|Any CPU
		{5A9E3C9E-8511-4218-A99D-951275B8AEC3}.Release|iPhoneSimulator.Build.0 = Release|Any CPU
		{5A9E3C9E-8511-4218-A99D-951275B8AEC3}.Release|x64.ActiveCfg = Release|Any CPU
		{5A9E3C9E-8511-4218-A99D-951275B8AEC3}.Release|x64.Build.0 = Release|Any CPU
		{5A9E3C9E-8511-4218-A99D-951275B8AEC3}.Release|x86.ActiveCfg = Release|Any CPU
		{5A9E3C9E-8511-4218-A99D-951275B8AEC3}.Release|x86.Build.0 = Release|Any CPU
	EndGlobalSection
	GlobalSection(SolutionProperties) = preSolution
		HideSolutionNode = FALSE
	EndGlobalSection
EndGlobal
